
Microsoft Visual Studio Solution File, Format Version 12.00
# Visual Studio Version 16
VisualStudioVersion = 16.0.29102.190
MinimumVisualStudioVersion = 10.0.40219.1
Project("{2150E333-8FDC-42A3-9474-1A3956D46DE8}") = "CleanArch.Application", "CleanArch.Application", "{A34F27F3-DDA6-42FD-842C-35510C60EB4D}"
EndProject
Project("{2150E333-8FDC-42A3-9474-1A3956D46DE8}") = "CleanArch.Domain", "CleanArch.Domain", "{65FCFC02-0048-43C6-8A47-8365E72ACD0F}"
EndProject
Project("{2150E333-8FDC-42A3-9474-1A3956D46DE8}") = "CleanArch.Infra.Data", "CleanArch.Infra.Data", "{D56C4509-EF6F-4824-8065-E801760DFCDD}"
EndProject
Project("{2150E333-8FDC-42A3-9474-1A3956D46DE8}") = "CleanArch.Infra.IoC", "CleanArch.Infra.IoC", "{AB04DACE-CDEB-4F00-AC03-4B68653DBBFC}"
EndProject
Project("{2150E333-8FDC-42A3-9474-1A3956D46DE8}") = "CleanArch.UI.Mvc", "CleanArch.UI.Mvc", "{ED5EF411-C360-44DB-99E8-0E8DE7CE3C7B}"
EndProject
Project("{FAE04EC0-301F-11D3-BF4B-00C04F79EFBC}") = "CleanArch.Mvc", "CleanArch.Mvc\CleanArch.Mvc.csproj", "{04545529-0029-4DF8-9B8F-BD6C21EEFE97}"
EndProject
Global
	GlobalSection(SolutionConfigurationPlatforms) = preSolution
		Debug|Any CPU = Debug|Any CPU
		Release|Any CPU = Release|Any CPU
	EndGlobalSection
	GlobalSection(ProjectConfigurationPlatforms) = postSolution
		{04545529-0029-4DF8-9B8F-BD6C21EEFE97}.Debug|Any CPU.ActiveCfg = Debug|Any CPU
		{04545529-0029-4DF8-9B8F-BD6C21EEFE97}.Debug|Any CPU.Build.0 = Debug|Any CPU
		{04545529-0029-4DF8-9B8F-BD6C21EEFE97}.Release|Any CPU.ActiveCfg = Release|Any CPU
		{04545529-0029-4DF8-9B8F-BD6C21EEFE97}.Release|Any CPU.Build.0 = Release|Any CPU
	EndGlobalSection
	GlobalSection(SolutionProperties) = preSolution
		HideSolutionNode = FALSE
	EndGlobalSection
	GlobalSection(NestedProjects) = preSolution
		{04545529-0029-4DF8-9B8F-BD6C21EEFE97} = {ED5EF411-C360-44DB-99E8-0E8DE7CE3C7B}
	EndGlobalSection
	GlobalSection(ExtensibilityGlobals) = postSolution
		SolutionGuid = {2A0CE302-76E5-440F-963D-351CA44EFEFC}
	EndGlobalSection
EndGlobal
